# THIS IS AN AUTOGENERATED FILE. DO NOT EDIT THIS FILE DIRECTLY.
# yarn lockfile v1


"@types/node@^10.1.2":
  version "10.12.18"
  resolved "http://registry.npm.taobao.org/@types/node/download/@types/node-10.12.18.tgz#1d3ca764718915584fcd9f6344621b7672665c67"
  integrity sha1-HTynZHGJFVhPzZ9jRGIbdnJmXGc=

agent-base@^4.1.0:
  version "4.2.1"
  resolved "http://registry.npm.taobao.org/agent-base/download/agent-base-4.2.1.tgz#d89e5999f797875674c07d87f260fc41e83e8ca9"
  integrity sha1-2J5ZmfeXh1Z0wH2H8mD8Qeg+jKk=
  dependencies:
    es6-promisify "^5.0.0"

argparse@^1.0.7:
  version "1.0.10"
  resolved "http://registry.npm.taobao.org/argparse/download/argparse-1.0.10.tgz#bcd6791ea5ae09725e17e5ad988134cd40b3d911"
  integrity sha1-vNZ5HqWuCXJeF+WtmIE0zUCz2RE=
  dependencies:
    sprintf-js "~1.0.2"

debug@^3.1.0:
  version "3.2.6"
  resolved "http://registry.npm.taobao.org/debug/download/debug-3.2.6.tgz#e83d17de16d8a7efb7717edbe5fb10135eee629b"
  integrity sha1-6D0X3hbYp++3cX7b5fsQE17uYps=
  dependencies:
    ms "^2.1.1"

debug@^4.0.1:
  version "4.1.1"
  resolved "http://registry.npm.taobao.org/debug/download/debug-4.1.1.tgz#3b72260255109c6b589cee050f1d516139664791"
  integrity sha1-O3ImAlUQnGtYnO4FDx1RYTlmR5E=
  dependencies:
    ms "^2.1.1"

es6-promise@^4.0.3:
  version "4.2.5"
  resolved "http://registry.npm.taobao.org/es6-promise/download/es6-promise-4.2.5.tgz#da6d0d5692efb461e082c14817fe2427d8f5d054"
  integrity sha1-2m0NVpLvtGHggsFIF/4kJ9j10FQ=

es6-promisify@^5.0.0:
  version "5.0.0"
  resolved "http://registry.npm.taobao.org/es6-promisify/download/es6-promisify-5.0.0.tgz#5109d62f3e56ea967c4b63505aef08291c8a5203"
  integrity sha1-UQnWLz5W6pZ8S2NQWu8IKRyKUgM=
  dependencies:
    es6-promise "^4.0.3"

esprima@^4.0.0:
  version "4.0.1"
  resolved "http://registry.npm.taobao.org/esprima/download/esprima-4.0.1.tgz#13b04cdb3e6c5d19df91ab6987a8695619b0aa71"
  integrity sha1-E7BM2z5sXRnfkatph6hpVhmwqnE=

https-proxy-agent@^2.2.1:
  version "2.2.1"
  resolved "http://registry.npm.taobao.org/https-proxy-agent/download/https-proxy-agent-2.2.1.tgz#51552970fa04d723e04c56d04178c3f92592bbc0"
  integrity sha1-UVUpcPoE1yPgTFbQQXjD+SWSu8A=
  dependencies:
    agent-base "^4.1.0"
    debug "^3.1.0"

js-yaml@^3.12.1:
  version "3.12.1"
  resolved "http://registry.npm.taobao.org/js-yaml/download/js-yaml-3.12.1.tgz#295c8632a18a23e054cf5c9d3cecafe678167600"
  integrity sha1-KVyGMqGKI+BUz1ydPOyv5ngWdgA=
  dependencies:
    argparse "^1.0.7"
    esprima "^4.0.0"

ms@^2.1.1:
  version "2.1.1"
  resolved "http://registry.npm.taobao.org/ms/download/ms-2.1.1.tgz#30a5864eb3ebb0a66f2ebe6d727af06a09d86e0a"
  integrity sha1-MKWGTrPrsKZvLr5tcnrwagnYbgo=

node-fetch@^2.2.0:
  version "2.3.0"
  resolved "http://registry.npm.taobao.org/node-fetch/download/node-fetch-2.3.0.tgz#1a1d940bbfb916a1d3e0219f037e89e71f8c5fa5"
  integrity sha1-Gh2UC7+5FqHT4CGfA36J5x+MX6U=

sandwich-stream@^2.0.1:
  version "2.0.2"
  resolved "http://registry.npm.taobao.org/sandwich-stream/download/sandwich-stream-2.0.2.tgz#6d1feb6cf7e9fe9fadb41513459a72c2e84000fa"
  integrity sha1-bR/rbPfp/p+ttBUTRZpywuhAAPo=

sprintf-js@~1.0.2:
  version "1.0.3"
  resolved "http://registry.npm.taobao.org/sprintf-js/download/sprintf-js-1.0.3.tgz#04e6926f662895354f3dd015203633b857297e2c"
  integrity sha1-BOaSb2YolTVPPdAVIDYzuFcpfiw=

telegraf@^3.26.0:
  version "3.26.0"
  resolved "http://registry.npm.taobao.org/telegraf/download/telegraf-3.26.0.tgz#6102280c7971431a8a8a96fe0502285cc1a223c9"
  integrity sha1-YQIoDHlxQxqKipb+BQIoXMGiI8k=
  dependencies:
    "@types/node" "^10.1.2"
    debug "^4.0.1"
    node-fetch "^2.2.0"
    sandwich-stream "^2.0.1"
    telegram-typings "^3.6.0"

telegram-typings@^3.6.0:
  version "3.6.1"
  resolved "http://registry.npm.taobao.org/telegram-typings/download/telegram-typings-3.6.1.tgz#1288d547f8694b61f1c01c2993e295f3114d9e25"
  integrity sha1-EojVR/hpS2HxwBwpk+KV8xFNniU=
